GEM
  remote: https://rubygems.org/
  specs:
    cocos (0.4.2)
      csvreader (>= 1.2.5)
      iniparser (>= 1.0.1)
      tabreader (>= 1.0.1)
      webclient (>= 0.2.2)
    csvjson (1.0.1)
    csvreader (1.2.5)
      csvjson (>= 1.0.0)
      csvyaml (>= 0.1.0)
      tabreader (>= 1.0.1)
    csvyaml (1.0.0)
    fbtok (0.9.1)
      fbtxt-document (>= 0.9.0)
      fbtxt-parser (>= 0.9.0)
    fbtxt-document (0.9.1)
      fbtxt-parser (>= 0.9.0)
      season-formats (>= 0.1.0)
    fbtxt-lexer (0.0.1)
      cocos (>= 0.4.2)
    fbtxt-parser (0.9.1)
      cocos (>= 0.4.2)
      fbtxt-lexer (>= 0.0.1)
    iniparser (1.0.1)
    season-formats (0.1.0)
    tabreader (1.0.1)
    webclient (0.2.2)

PLATFORMS
  x64-mingw-ucrt
  x86_64-linux

DEPENDENCIES
  fbtok (= 0.9.1)

BUNDLED WITH
   2.5.22
